{
  "nodes": {
    "expidus-sdk": {
      "locked": {
        "lastModified": 1667839964,
        "narHash": "sha256-/SMuQ7vzD3kzmifWDTiCZXB8U7MosxDiU6JZ/YRNxMI=",
        "owner": "ExpidusOS",
        "repo": "sdk",
        "rev": "dbbc7baeea7e6903ee95c3cd42d857b259e4a471",
        "type": "github"
      },
      "original": {
        "owner": "ExpidusOS",
        "repo": "sdk",
        "type": "github"
      }
    },
    "root": {
      "inputs": {
        "expidus-sdk": "expidus-sdk"
      }
    }
  },
  "root": "root",
  "version": 7
}
