{
  "nodes": {
    "expidus-sdk": {
      "locked": {
        "lastModified": 1666983856,
        "narHash": "sha256-wB8Mkw3OJ5TYvOXhVEA87/ZXOTUg2mLWOYd3FocLnD0=",
        "owner": "ExpidusOS",
        "repo": "sdk",
        "rev": "2514022e4ad8335033e9e77371cbccab2b01fc25",
        "type": "github"
      },
      "original": {
        "owner": "ExpidusOS",
        "repo": "sdk",
        "type": "github"
      }
    },
    "root": {
      "inputs": {
        "expidus-sdk": "expidus-sdk"
      }
    }
  },
  "root": "root",
  "version": 7
}
