{
  "nodes": {
    "expidus-sdk": {
      "locked": {
        "lastModified": 1667240540,
        "narHash": "sha256-uZ3F2dOIDy6e+pZ/EyzzMkogsKL/1cQZDT1smBAnRzI=",
        "owner": "ExpidusOS",
        "repo": "sdk",
        "rev": "f01d23bab408f4f1d61a91b13fea752920df597c",
        "type": "github"
      },
      "original": {
        "owner": "ExpidusOS",
        "repo": "sdk",
        "type": "github"
      }
    },
    "root": {
      "inputs": {
        "expidus-sdk": "expidus-sdk"
      }
    }
  },
  "root": "root",
  "version": 7
}
